
Microsoft Visual Studio Solution File, Format Version 12.00
# Visual Studio Version 17
VisualStudioVersion = 17.13.35931.197 d17.13
MinimumVisualStudioVersion = 10.0.40219.1
Project("{E24C65DC-7377-472B-9ABA-BC803B73C61A}") = "HW10", "HW10\", "{F33FF78C-0901-D69B-C513-465F2E3C7731}"
	ProjectSection(WebsiteProperties) = preProject
		TargetFrameworkMoniker = ".NETFramework,Version%3Dv4.7.2"
		Debug.AspNetCompiler.VirtualPath = "/localhost_62087"
		Debug.AspNetCompiler.PhysicalPath = "HW10\"
		Debug.AspNetCompiler.TargetPath = "PrecompiledWeb\localhost_62087\"
		Debug.AspNetCompiler.Updateable = "true"
		Debug.AspNetCompiler.ForceOverwrite = "true"
		Debug.AspNetCompiler.FixedNames = "false"
		Debug.AspNetCompiler.Debug = "True"
		Release.AspNetCompiler.VirtualPath = "/localhost_62087"
		Release.AspNetCompiler.PhysicalPath = "HW10\"
		Release.AspNetCompiler.TargetPath = "PrecompiledWeb\localhost_62087\"
		Release.AspNetCompiler.Updateable = "true"
		Release.AspNetCompiler.ForceOverwrite = "true"
		Release.AspNetCompiler.FixedNames = "false"
		Release.AspNetCompiler.Debug = "False"
		VWDPort = "62087"
		SlnRelativePath = "HW10\"
		DefaultWebSiteLanguage = "Visual C#"
	EndProjectSection
EndProject
Global
	GlobalSection(SolutionConfigurationPlatforms) = preSolution
		Debug|Any CPU = Debug|Any CPU
	EndGlobalSection
	GlobalSection(ProjectConfigurationPlatforms) = postSolution
		{F33FF78C-0901-D69B-C513-465F2E3C7731}.Debug|Any CPU.ActiveCfg = Debug|Any CPU
		{F33FF78C-0901-D69B-C513-465F2E3C7731}.Debug|Any CPU.Build.0 = Debug|Any CPU
	EndGlobalSection
	GlobalSection(SolutionProperties) = preSolution
		HideSolutionNode = FALSE
	EndGlobalSection
	GlobalSection(ExtensibilityGlobals) = postSolution
		SolutionGuid = {340C8A9A-0449-4FE7-96F2-7321D046BFE4}
	EndGlobalSection
EndGlobal
